// !$*UTF8*$!
{
	archiveVersion = 1;
	classes = {
	};
	objectVersion = 50;
	objects = {

/* Begin PBXBuildFile section */
		660E953F250EBD9600FFAC70 /* AppDelegate.swift in Sources */ = {isa = PBXBuildFile; fileRef = 660E953E250EBD9600FFAC70 /* AppDelegate.swift */; };
		660E9541250EBD9600FFAC70 /* SceneDelegate.swift in Sources */ = {isa = PBXBuildFile; fileRef = 660E9540250EBD9600FFAC70 /* SceneDelegate.swift */; };
		660E9543250EBD9600FFAC70 /* ViewController.swift in Sources */ = {isa = PBXBuildFile; fileRef = 660E9542250EBD9600FFAC70 /* ViewController.swift */; };
		660E9546250EBD9600FFAC70 /* Main.storyboard in Resources */ = {isa = PBXBuildFile; fileRef = 660E9544250EBD9600FFAC70 /* Main.storyboard */; };
		660E9548250EBD9A00FFAC70 /* Assets.xcassets in Resources */ = {isa = PBXBuildFile; fileRef = 660E9547250EBD9A00FFAC70 /* Assets.xcassets */; };
		660E954B250EBD9A00FFAC70 /* LaunchScreen.storyboard in Resources */ = {isa = PBXBuildFile; fileRef = 660E9549250EBD9A00FFAC70 /* LaunchScreen.storyboard */; };
		660E9557250EC46100FFAC70 /* Drawing.swift in Sources */ = {isa = PBXBuildFile; fileRef = 660E9556250EC46100FFAC70 /* Drawing.swift */; };
		660E9559250ECA1800FFAC70 /* DrawView.swift in Sources */ = {isa = PBXBuildFile; fileRef = 660E9558250ECA1800FFAC70 /* DrawView.swift */; };
		66EBFCE72536492A00E7BE77 /* readme.txt in Resources */ = {isa = PBXBuildFile; fileRef = 66EBFCE62536492900E7BE77 /* readme.txt */; };
/* End PBXBuildFile section */

/* Begin PBXFileReference section */
		660E953B250EBD9600FFAC70 /* MahotoSasaki-Lab3.app */ = {isa = PBXFileReference; explicitFileType = wrapper.application; includeInIndex = 0; path = "MahotoSasaki-Lab3.app"; sourceTree = BUILT_PRODUCTS_DIR; };
		660E953E250EBD9600FFAC70 /* AppDelegate.swift */ = {isa = PBXFileReference; lastKnownFileType = sourcecode.swift; path = AppDelegate.swift; sourceTree = "<group>"; };
		660E9540250EBD9600FFAC70 /* SceneDelegate.swift */ = {isa = PBXFileReference; lastKnownFileType = sourcecode.swift; path = SceneDelegate.swift; sourceTree = "<group>"; };
		660E9542250EBD9600FFAC70 /* ViewController.swift */ = {isa = PBXFileReference; lastKnownFileType = sourcecode.swift; path = ViewController.swift; sourceTree = "<group>"; };
		660E9545250EBD9600FFAC70 /* Base */ = {isa = PBXFileReference; lastKnownFileType = file.storyboard; name = Base; path = Base.lproj/Main.storyboard; sourceTree = "<group>"; };
		660E9547250EBD9A00FFAC70 /* Assets.xcassets */ = {isa = PBXFileReference; lastKnownFileType = folder.assetcatalog; path = Assets.xcassets; sourceTree = "<group>"; };
		660E954A250EBD9A00FFAC70 /* Base */ = {isa = PBXFileReference; lastKnownFileType = file.storyboard; name = Base; path = Base.lproj/LaunchScreen.storyboard; sourceTree = "<group>"; };
		660E954C250EBD9A00FFAC70 /* Info.plist */ = {isa = PBXFileReference; lastKnownFileType = text.plist.xml; path = Info.plist; sourceTree = "<group>"; };
		660E9556250EC46100FFAC70 /* Drawing.swift */ = {isa = PBXFileReference; lastKnownFileType = sourcecode.swift; path = Drawing.swift; sourceTree = "<group>"; };
		660E9558250ECA1800FFAC70 /* DrawView.swift */ = {isa = PBXFileReference; lastKnownFileType = sourcecode.swift; path = DrawView.swift; sourceTree = SOURCE_ROOT; };
		66EBFCE62536492900E7BE77 /* readme.txt */ = {isa = PBXFileReference; lastKnownFileType = text; path = readme.txt; sourceTree = "<group>"; };
/* End PBXFileReference section */

/* Begin PBXFrameworksBuildPhase section */
		660E9538250EBD9600FFAC70 /* Frameworks */ = {
			isa = PBXFrameworksBuildPhase;
			buildActionMask = 2147483647;
			files = (
			);
			runOnlyForDeploymentPostprocessing = 0;
		};
/* End PBXFrameworksBuildPhase section */

/* Begin PBXGroup section */
		660E9532250EBD9600FFAC70 = {
			isa = PBXGroup;
			children = (
				660E953D250EBD9600FFAC70 /* MahotoSasaki-Lab3 */,
				660E953C250EBD9600FFAC70 /* Products */,
			);
			sourceTree = "<group>";
		};
		660E953C250EBD9600FFAC70 /* Products */ = {
			isa = PBXGroup;
			children = (
				660E953B250EBD9600FFAC70 /* MahotoSasaki-Lab3.app */,
			);
			name = Products;
			sourceTree = "<group>";
		};
		660E953D250EBD9600FFAC70 /* MahotoSasaki-Lab3 */ = {
			isa = PBXGroup;
			children = (
				660E953E250EBD9600FFAC70 /* AppDelegate.swift */,
				660E9540250EBD9600FFAC70 /* SceneDelegate.swift */,
				660E9542250EBD9600FFAC70 /* ViewController.swift */,
				660E9558250ECA1800FFAC70 /* DrawView.swift */,
				66EBFCE62536492900E7BE77 /* readme.txt */,
				660E9556250EC46100FFAC70 /* Drawing.swift */,
				660E9544250EBD9600FFAC70 /* Main.storyboard */,
				660E9547250EBD9A00FFAC70 /* Assets.xcassets */,
				660E9549250EBD9A00FFAC70 /* LaunchScreen.storyboard */,
				660E954C250EBD9A00FFAC70 /* Info.plist */,
			);
			path = "MahotoSasaki-Lab3";
			sourceTree = "<group>";
		};
/* End PBXGroup section */

/* Begin PBXNativeTarget section */
		660E953A250EBD9600FFAC70 /* MahotoSasaki-Lab3 */ = {
			isa = PBXNativeTarget;
			buildConfigurationList = 660E954F250EBD9A00FFAC70 /* Build configuration list for PBXNativeTarget "MahotoSasaki-Lab3" */;
			buildPhases = (
				660E9537250EBD9600FFAC70 /* Sources */,
				660E9538250EBD9600FFAC70 /* Frameworks */,
				660E9539250EBD9600FFAC70 /* Resources */,
			);
			buildRules = (
			);
			dependencies = (
			);
			name = "MahotoSasaki-Lab3";
			productName = "MahotoSasaki-Lab3";
			productReference = 660E953B250EBD9600FFAC70 /* MahotoSasaki-Lab3.app */;
			productType = "com.apple.product-type.application";
		};
/* End PBXNativeTarget section */

/* Begin PBXProject section */
		660E9533250EBD9600FFAC70 /* Project object */ = {
			isa = PBXProject;
			attributes = {
				LastSwiftUpdateCheck = 1150;
				LastUpgradeCheck = 1150;
				ORGANIZATIONNAME = mo3aru;
				TargetAttributes = {
					660E953A250EBD9600FFAC70 = {
						CreatedOnToolsVersion = 11.5;
					};
				};
			};
			buildConfigurationList = 660E9536250EBD9600FFAC70 /* Build configuration list for PBXProject "MahotoSasaki-Lab3" */;
			compatibilityVersion = "Xcode 9.3";
			developmentRegion = en;
			hasScannedForEncodings = 0;
			knownRegions = (
				en,
				Base,
			);
			mainGroup = 660E9532250EBD9600FFAC70;
			productRefGroup = 660E953C250EBD9600FFAC70 /* Products */;
			projectDirPath = "";
			projectRoot = "";
			targets = (
				660E953A250EBD9600FFAC70 /* MahotoSasaki-Lab3 */,
			);
		};
/* End PBXProject section */

/* Begin PBXResourcesBuildPhase section */
		660E9539250EBD9600FFAC70 /* Resources */ = {
			isa = PBXResourcesBuildPhase;
			buildActionMask = 2147483647;
			files = (
				660E954B250EBD9A00FFAC70 /* LaunchScreen.storyboard in Resources */,
				660E9548250EBD9A00FFAC70 /* Assets.xcassets in Resources */,
				66EBFCE72536492A00E7BE77 /* readme.txt in Resources */,
				660E9546250EBD9600FFAC70 /* Main.storyboard in Resources */,
			);
			runOnlyForDeploymentPostprocessing = 0;
		};
/* End PBXResourcesBuildPhase section */

/* Begin PBXSourcesBuildPhase section */
		660E9537250EBD9600FFAC70 /* Sources */ = {
			isa = PBXSourcesBuildPhase;
			buildActionMask = 2147483647;
			files = (
				660E9543250EBD9600FFAC70 /* ViewController.swift in Sources */,
				660E9559250ECA1800FFAC70 /* DrawView.swift in Sources */,
				660E953F250EBD9600FFAC70 /* AppDelegate.swift in Sources */,
				660E9541250EBD9600FFAC70 /* SceneDelegate.swift in Sources */,
				660E9557250EC46100FFAC70 /* Drawing.swift in Sources */,
			);
			runOnlyForDeploymentPostprocessing = 0;
		};
/* End PBXSourcesBuildPhase section */

/* Begin PBXVariantGroup section */
		660E9544250EBD9600FFAC70 /* Main.storyboard */ = {
			isa = PBXVariantGroup;
			children = (
				660E9545250EBD9600FFAC70 /* Base */,
			);
			name = Main.storyboard;
			sourceTree = "<group>";
		};
		660E9549250EBD9A00FFAC70 /* LaunchScreen.storyboard */ = {
			isa = PBXVariantGroup;
			children = (
				660E954A250EBD9A00FFAC70 /* Base */,
			);
			name = LaunchScreen.storyboard;
			sourceTree = "<group>";
		};
/* End PBXVariantGroup section */

/* Begin XCBuildConfiguration section */
		660E954D250EBD9A00FFAC70 /* Debug */ = {
			isa = XCBuildConfiguration;
			buildSettings = {
				ALWAYS_SEARCH_USER_PATHS = NO;
				CLANG_ANALYZER_NONNULL = YES;
				CLANG_ANALYZER_NUMBER_OBJECT_CONVERSION = YES_AGGRESSIVE;
				CLANG_CXX_LANGUAGE_STANDARD = "gnu++14";
				CLANG_CXX_LIBRARY = "libc++";
				CLANG_ENABLE_MODULES = YES;
				CLANG_ENABLE_OBJC_ARC = YES;
				CLANG_ENABLE_OBJC_WEAK = YES;
				CLANG_WARN_BLOCK_CAPTURE_AUTORELEASING = YES;
				CLANG_WARN_BOOL_CONVERSION = YES;
				CLANG_WARN_COMMA = YES;
				CLANG_WARN_CONSTANT_CONVERSION = YES;
				CLANG_WARN_DEPRECATED_OBJC_IMPLEMENTATIONS = YES;
				CLANG_WARN_DIRECT_OBJC_ISA_USAGE = YES_ERROR;
				CLANG_WARN_DOCUMENTATION_COMMENTS = YES;
				CLANG_WARN_EMPTY_BODY = YES;
				CLANG_WARN_ENUM_CONVERSION = YES;
				CLANG_WARN_INFINITE_RECURSION = YES;
				CLANG_WARN_INT_CONVERSION = YES;
				CLANG_WARN_NON_LITERAL_NULL_CONVERSION = YES;
				CLANG_WARN_OBJC_IMPLICIT_RETAIN_SELF = YES;
				CLANG_WARN_OBJC_LITERAL_CONVERSION = YES;
				CLANG_WARN_OBJC_ROOT_CLASS = YES_ERROR;
				CLANG_WARN_RANGE_LOOP_ANALYSIS = YES;
				CLANG_WARN_STRICT_PROTOTYPES = YES;
				CLANG_WARN_SUSPICIOUS_MOVE = YES;
				CLANG_WARN_UNGUARDED_AVAILABILITY = YES_AGGRESSIVE;
				CLANG_WARN_UNREACHABLE_CODE = YES;
				CLANG_WARN__DUPLICATE_METHOD_MATCH = YES;
				COPY_PHASE_STRIP = NO;
				DEBUG_INFORMATION_FORMAT = dwarf;
				ENABLE_STRICT_OBJC_MSGSEND = YES;
				ENABLE_TESTABILITY = YES;
				GCC_C_LANGUAGE_STANDARD = gnu11;
				GCC_DYNAMIC_NO_PIC = NO;
				GCC_NO_COMMON_BLOCKS = YES;
				GCC_OPTIMIZATION_LEVEL = 0;
				GCC_PREPROCESSOR_DEFINITIONS = (
					"DEBUG=1",
					"$(inherited)",
				);
				GCC_WARN_64_TO_32_BIT_CONVERSION = YES;
				GCC_WARN_ABOUT_RETURN_TYPE = YES_ERROR;
				GCC_WARN_UNDECLARED_SELECTOR = YES;
				GCC_WARN_UNINITIALIZED_AUTOS = YES_AGGRESSIVE;
				GCC_WARN_UNUSED_FUNCTION = YES;
				GCC_WARN_UNUSED_VARIABLE = YES;
				IPHONEOS_DEPLOYMENT_TARGET = 13.5;
				MTL_ENABLE_DEBUG_INFO = INCLUDE_SOURCE;
				MTL_FAST_MATH = YES;
				ONLY_ACTIVE_ARCH = YES;
				SDKROOT = iphoneos;
				SWIFT_ACTIVE_COMPILATION_CONDITIONS = DEBUG;
				SWIFT_OPTIMIZATION_LEVEL = "-Onone";
			};
			name = Debug;
		};
		660E954E250EBD9A00FFAC70 /* Release */ = {
			isa = XCBuildConfiguration;
			buildSettings = {
				ALWAYS_SEARCH_USER_PATHS = NO;
				CLANG_ANALYZER_NONNULL = YES;
				CLANG_ANALYZER_NUMBER_OBJECT_CONVERSION = YES_AGGRESSIVE;
				CLANG_CXX_LANGUAGE_STANDARD = "gnu++14";
				CLANG_CXX_LIBRARY = "libc++";
				CLANG_ENABLE_MODULES = YES;
				CLANG_ENABLE_OBJC_ARC = YES;
				CLANG_ENABLE_OBJC_WEAK = YES;
				CLANG_WARN_BLOCK_CAPTURE_AUTORELEASING = YES;
				CLANG_WARN_BOOL_CONVERSION = YES;
				CLANG_WARN_COMMA = YES;
				CLANG_WARN_CONSTANT_CONVERSION = YES;
				CLANG_WARN_DEPRECATED_OBJC_IMPLEMENTATIONS = YES;
				CLANG_WARN_DIRECT_OBJC_ISA_USAGE = YES_ERROR;
				CLANG_WARN_DOCUMENTATION_COMMENTS = YES;
				CLANG_WARN_EMPTY_BODY = YES;
				CLANG_WARN_ENUM_CONVERSION = YES;
				CLANG_WARN_INFINITE_RECURSION = YES;
				CLANG_WARN_INT_CONVERSION = YES;
				CLANG_WARN_NON_LITERAL_NULL_CONVERSION = YES;
				CLANG_WARN_OBJC_IMPLICIT_RETAIN_SELF = YES;
				CLANG_WARN_OBJC_LITERAL_CONVERSION = YES;
				CLANG_WARN_OBJC_ROOT_CLASS = YES_ERROR;
				CLANG_WARN_RANGE_LOOP_ANALYSIS = YES;
				CLANG_WARN_STRICT_PROTOTYPES = YES;
				CLANG_WARN_SUSPICIOUS_MOVE = YES;
				CLANG_WARN_UNGUARDED_AVAILABILITY = YES_AGGRESSIVE;
				CLANG_WARN_UNREACHABLE_CODE = YES;
				CLANG_WARN__DUPLICATE_METHOD_MATCH = YES;
				COPY_PHASE_STRIP = NO;
				DEBUG_INFORMATION_FORMAT = "dwarf-with-dsym";
				ENABLE_NS_ASSERTIONS = NO;
				ENABLE_STRICT_OBJC_MSGSEND = YES;
				GCC_C_LANGUAGE_STANDARD = gnu11;
				GCC_NO_COMMON_BLOCKS = YES;
				GCC_WARN_64_TO_32_BIT_CONVERSION = YES;
				GCC_WARN_ABOUT_RETURN_TYPE = YES_ERROR;
				GCC_WARN_UNDECLARED_SELECTOR = YES;
				GCC_WARN_UNINITIALIZED_AUTOS = YES_AGGRESSIVE;
				GCC_WARN_UNUSED_FUNCTION = YES;
				GCC_WARN_UNUSED_VARIABLE = YES;
				IPHONEOS_DEPLOYMENT_TARGET = 13.5;
				MTL_ENABLE_DEBUG_INFO = NO;
				MTL_FAST_MATH = YES;
				SDKROOT = iphoneos;
				SWIFT_COMPILATION_MODE = wholemodule;
				SWIFT_OPTIMIZATION_LEVEL = "-O";
				VALIDATE_PRODUCT = YES;
			};
			name = Release;
		};
		660E9550250EBD9A00FFAC70 /* Debug */ = {
			isa = XCBuildConfiguration;
			buildSettings = {
				ASSETCATALOG_COMPILER_APPICON_NAME = AppIcon;
				CODE_SIGN_STYLE = Automatic;
				INFOPLIST_FILE = "MahotoSasaki-Lab3/Info.plist";
				LD_RUNPATH_SEARCH_PATHS = (
					"$(inherited)",
					"@executable_path/Frameworks",
				);
				PRODUCT_BUNDLE_IDENTIFIER = "mo3aru.MahotoSasaki-Lab3";
				PRODUCT_NAME = "$(TARGET_NAME)";
				SWIFT_VERSION = 5.0;
				TARGETED_DEVICE_FAMILY = "1,2";
			};
			name = Debug;
		};
		660E9551250EBD9A00FFAC70 /* Release */ = {
			isa = XCBuildConfiguration;
			buildSettings = {
				ASSETCATALOG_COMPILER_APPICON_NAME = AppIcon;
				CODE_SIGN_STYLE = Automatic;
				INFOPLIST_FILE = "MahotoSasaki-Lab3/Info.plist";
				LD_RUNPATH_SEARCH_PATHS = (
					"$(inherited)",
					"@executable_path/Frameworks",
				);
				PRODUCT_BUNDLE_IDENTIFIER = "mo3aru.MahotoSasaki-Lab3";
				PRODUCT_NAME = "$(TARGET_NAME)";
				SWIFT_VERSION = 5.0;
				TARGETED_DEVICE_FAMILY = "1,2";
			};
			name = Release;
		};
/* End XCBuildConfiguration section */

/* Begin XCConfigurationList section */
		660E9536250EBD9600FFAC70 /* Build configuration list for PBXProject "MahotoSasaki-Lab3" */ = {
			isa = XCConfigurationList;
			buildConfigurations = (
				660E954D250EBD9A00FFAC70 /* Debug */,
				660E954E250EBD9A00FFAC70 /* Release */,
			);
			defaultConfigurationIsVisible = 0;
			defaultConfigurationName = Release;
		};
		660E954F250EBD9A00FFAC70 /* Build configuration list for PBXNativeTarget "MahotoSasaki-Lab3" */ = {
			isa = XCConfigurationList;
			buildConfigurations = (
				660E9550250EBD9A00FFAC70 /* Debug */,
				660E9551250EBD9A00FFAC70 /* Release */,
			);
			defaultConfigurationIsVisible = 0;
			defaultConfigurationName = Release;
		};
/* End XCConfigurationList section */
	};
	rootObject = 660E9533250EBD9600FFAC70 /* Project object */;
}
